
Microsoft Visual Studio Solution File, Format Version 12.00
# Visual Studio Version 17
VisualStudioVersion = 17.4.33205.214
MinimumVisualStudioVersion = 10.0.40219.1
Project("{FAE04EC0-301F-11D3-BF4B-00C04F79EFBC}") = "Ahorcado Base Datos", "Ahorcado Base Datos\Ahorcado Base Datos.csproj", "{F7A7C9E3-1140-4589-AB75-7B529F4CA486}"
EndProject
Global
	GlobalSection(SolutionConfigurationPlatforms) = preSolution
		Debug|Any CPU = Debug|Any CPU
		Release|Any CPU = Release|Any CPU
	EndGlobalSection
	GlobalSection(ProjectConfigurationPlatforms) = postSolution
		{F7A7C9E3-1140-4589-AB75-7B529F4CA486}.Debug|Any CPU.ActiveCfg = Debug|Any CPU
		{F7A7C9E3-1140-4589-AB75-7B529F4CA486}.Debug|Any CPU.Build.0 = Debug|Any CPU
		{F7A7C9E3-1140-4589-AB75-7B529F4CA486}.Release|Any CPU.ActiveCfg = Release|Any CPU
		{F7A7C9E3-1140-4589-AB75-7B529F4CA486}.Release|Any CPU.Build.0 = Release|Any CPU
	EndGlobalSection
	GlobalSection(SolutionProperties) = preSolution
		HideSolutionNode = FALSE
	EndGlobalSection
	GlobalSection(ExtensibilityGlobals) = postSolution
		SolutionGuid = {EF416FF7-00E2-4DF6-896E-FBE67DB24EE5}
	EndGlobalSection
EndGlobal
